# This file is automatically @generated by Cargo.
# It is not intended for manual editing.
[[package]]
name = "data-encoding"
version = "2.1.2"
source = "registry+https://github.com/rust-lang/crates.io-index"

[[package]]
name = "ex1_3_single_byte_xor"
version = "0.1.0"
dependencies = [
 "data-encoding 2.1.2 (registry+https://github.com/rust-lang/crates.io-index)",
]

[metadata]
"checksum data-encoding 2.1.2 (registry+https://github.com/rust-lang/crates.io-index)" = "f4f47ca1860a761136924ddd2422ba77b2ea54fe8cc75b9040804a0d9d32ad97"
