# This file is automatically @generated by Cargo.
# It is not intended for manual editing.
[[package]]
name = "data-encoding"
version = "2.1.2"
source = "registry+https://github.com/rust-lang/crates.io-index"

[[package]]
name = "ex1_6_break_repeating_key_xor"
version = "0.1.0"
dependencies = [
 "data-encoding 2.1.2 (registry+https://github.com/rust-lang/crates.io-index)",
 "lazy_static 1.4.0 (registry+https://github.com/rust-lang/crates.io-index)",
]

[[package]]
name = "lazy_static"
version = "1.4.0"
source = "registry+https://github.com/rust-lang/crates.io-index"

[metadata]
"checksum data-encoding 2.1.2 (registry+https://github.com/rust-lang/crates.io-index)" = "f4f47ca1860a761136924ddd2422ba77b2ea54fe8cc75b9040804a0d9d32ad97"
"checksum lazy_static 1.4.0 (registry+https://github.com/rust-lang/crates.io-index)" = "e2abad23fbc42b3700f2f279844dc832adb2b2eb069b2df918f455c4e18cc646"
